
Microsoft Visual Studio Solution File, Format Version 12.00
# Visual Studio Version 16
VisualStudioVersion = 16.0.32228.343
MinimumVisualStudioVersion = 10.0.40219.1
Project("{FAE04EC0-301F-11D3-BF4B-00C04F79EFBC}") = "CSharp_DevicePattern", "CSharp_DevicePattern\CSharp_DevicePattern.csproj", "{95704192-39A3-40B4-9A7A-6FB529139D95}"
EndProject
Project("{FAE04EC0-301F-11D3-BF4B-00C04F79EFBC}") = "xLib", "xLib\xLib.csproj", "{DEBE0863-3E66-4124-8E1A-0CB434227A5B}"
EndProject
Global
	GlobalSection(SolutionConfigurationPlatforms) = preSolution
		Debug|Any CPU = Debug|Any CPU
		Release|Any CPU = Release|Any CPU
	EndGlobalSection
	GlobalSection(ProjectConfigurationPlatforms) = postSolution
		{95704192-39A3-40B4-9A7A-6FB529139D95}.Debug|Any CPU.ActiveCfg = Debug|Any CPU
		{95704192-39A3-40B4-9A7A-6FB529139D95}.Debug|Any CPU.Build.0 = Debug|Any CPU
		{95704192-39A3-40B4-9A7A-6FB529139D95}.Release|Any CPU.ActiveCfg = Release|Any CPU
		{95704192-39A3-40B4-9A7A-6FB529139D95}.Release|Any CPU.Build.0 = Release|Any CPU
		{DEBE0863-3E66-4124-8E1A-0CB434227A5B}.Debug|Any CPU.ActiveCfg = Debug|Any CPU
		{DEBE0863-3E66-4124-8E1A-0CB434227A5B}.Debug|Any CPU.Build.0 = Debug|Any CPU
		{DEBE0863-3E66-4124-8E1A-0CB434227A5B}.Release|Any CPU.ActiveCfg = Release|Any CPU
		{DEBE0863-3E66-4124-8E1A-0CB434227A5B}.Release|Any CPU.Build.0 = Release|Any CPU
	EndGlobalSection
	GlobalSection(SolutionProperties) = preSolution
		HideSolutionNode = FALSE
	EndGlobalSection
	GlobalSection(ExtensibilityGlobals) = postSolution
		SolutionGuid = {8518723A-AC33-4AB5-855D-42A5FDC3C9BB}
	EndGlobalSection
EndGlobal
